# THIS IS AN AUTOGENERATED FILE. DO NOT EDIT THIS FILE DIRECTLY.
# yarn lockfile v1


storybook-css-modules-preset@^1.1.1:
  version "1.1.1"
  resolved "https://registry.yarnpkg.com/storybook-css-modules-preset/-/storybook-css-modules-preset-1.1.1.tgz#30310eab3c324cb944ea760ecd73b5341bcae6c6"
  integrity sha512-wyINPOtB/8SvU7J92ePAhciBk4xoHuwrcqDNyGnSwilwHjmtHwbeEgZ1//JALOTwMB10zwz3WPONRkWec9LdGw==
